<?xml version="1.0" encoding="utf-8"?>
<Project ToolsVersion="4.0" xmlns="http://schemas.microsoft.com/developer/msbuild/2003">
  <ItemGroup>
    <Filter Include="源文件">
      <UniqueIdentifier>{4FC737F1-C7A5-4376-A066-2A32D752A2FF}</UniqueIdentifier>
      <Extensions>cpp;c;cc;cxx;c++;def;odl;idl;hpj;bat;asm;asmx</Extensions>
    </Filter>
    <Filter Include="头文件">
      <UniqueIdentifier>{93995380-89BD-4b04-88EB-625FBE52EBFB}</UniqueIdentifier>
      <Extensions>h;hh;hpp;hxx;h++;hm;inl;inc;ipp;xsd</Extensions>
    </Filter>
    <Filter Include="资源文件">
      <UniqueIdentifier>{67DA6AB6-F800-4c08-8B7A-83BB121AAD01}</UniqueIdentifier>
      <Extensions>rc;ico;cur;bmp;dlg;rc2;rct;bin;rgs;gif;jpg;jpeg;jpe;resx;tiff;tif;png;wav;mfcribbon-ms</Extensions>
    </Filter>
  </ItemGroup>
  <ItemGroup>
    <ClInclude Include="Geometry\point.h">
      <Filter>头文件</Filter>
    </ClInclude>
    <ClInclude Include="Flowfield\flowfield.h">
      <Filter>头文件</Filter>
    </ClInclude>
    <ClInclude Include="Geometry\line.h">
      <Filter>头文件</Filter>
    </ClInclude>
    <ClInclude Include="Geometry\geo_base.h">
      <Filter>头文件</Filter>
    </ClInclude>
    <ClInclude Include="Flowfield\mesh.h">
      <Filter>头文件</Filter>
    </ClInclude>
    <ClInclude Include="Geometry\Poly.h">
      <Filter>头文件</Filter>
    </ClInclude>
    <ClInclude Include="Geometry\circle.h">
      <Filter>头文件</Filter>
    </ClInclude>
    <ClInclude Include="Math\math.h">
      <Filter>头文件</Filter>
    </ClInclude>
    <ClInclude Include="CoordTrans\coordTrans.h">
      <Filter>头文件</Filter>
    </ClInclude>
    <ClInclude Include="Time\Time.h">
      <Filter>头文件</Filter>
    </ClInclude>
    <ClInclude Include="Solid mechanics\Boundary\Boundary.h">
      <Filter>头文件</Filter>
    </ClInclude>
    <ClInclude Include="Solid mechanics\SolidVar\SolidVar.h">
      <Filter>头文件</Filter>
    </ClInclude>
    <ClInclude Include="Fluid\FluidVar\FluidFlux.h">
      <Filter>头文件</Filter>
    </ClInclude>
    <ClInclude Include="Fluid\Boundary\Boundary.h">
      <Filter>头文件</Filter>
    </ClInclude>
    <ClInclude Include="Fluid\Solver\SolverFluid.h">
      <Filter>头文件</Filter>
    </ClInclude>
    <ClInclude Include="Fluid\Riemann\Riemann.h">
      <Filter>头文件</Filter>
    </ClInclude>
    <ClInclude Include="MoveMesh\MoveMesh.h">
      <Filter>头文件</Filter>
    </ClInclude>
    <ClInclude Include="FluxBase\FluxBase.h">
      <Filter>头文件</Filter>
    </ClInclude>
    <ClInclude Include="TestCase\SuperSonicFlow.h">
      <Filter>头文件</Filter>
    </ClInclude>
    <ClInclude Include="Fluid\SuperSonic.h">
      <Filter>头文件</Filter>
    </ClInclude>
    <ClInclude Include="TestCase\ShallowWater.h">
      <Filter>头文件</Filter>
    </ClInclude>
    <ClInclude Include="WaterWave\Boundary\Boundary.h">
      <Filter>头文件</Filter>
    </ClInclude>
    <ClInclude Include="WaterWave\Riemann\Riemann.h">
      <Filter>头文件</Filter>
    </ClInclude>
    <ClInclude Include="WaterWave\Solver\SolverWaterWave.h">
      <Filter>头文件</Filter>
    </ClInclude>
    <ClInclude Include="WaterWave\WaterWaveVar\WaterWaveVar.h">
      <Filter>头文件</Filter>
    </ClInclude>
    <ClInclude Include="WaterWave\WaterWave.h">
      <Filter>头文件</Filter>
    </ClInclude>
  </ItemGroup>
  <ItemGroup>
    <ClCompile Include="Geometry\point.cpp">
      <Filter>源文件</Filter>
    </ClCompile>
    <ClCompile Include="main.cpp">
      <Filter>源文件</Filter>
    </ClCompile>
    <ClCompile Include="Geometry\line.cpp">
      <Filter>源文件</Filter>
    </ClCompile>
    <ClCompile Include="Geometry\geo_base.cpp">
      <Filter>源文件</Filter>
    </ClCompile>
    <ClCompile Include="Flowfield\mesh.cpp">
      <Filter>源文件</Filter>
    </ClCompile>
    <ClCompile Include="Geometry\Poly.cpp">
      <Filter>源文件</Filter>
    </ClCompile>
    <ClCompile Include="Geometry\circle.cpp">
      <Filter>源文件</Filter>
    </ClCompile>
    <ClCompile Include="CoordTrans\coordTrans.cpp">
      <Filter>源文件</Filter>
    </ClCompile>
    <ClCompile Include="Time\Time.cpp">
      <Filter>源文件</Filter>
    </ClCompile>
    <ClCompile Include="Solid mechanics\SolidVar\SolidVar.cpp">
      <Filter>源文件</Filter>
    </ClCompile>
    <ClCompile Include="Fluid\FluidVar\FluidFlux.cpp">
      <Filter>源文件</Filter>
    </ClCompile>
    <ClCompile Include="Fluid\Boundary\Boundary.cpp">
      <Filter>源文件</Filter>
    </ClCompile>
    <ClCompile Include="Fluid\Solver\SolverFluid.cpp">
      <Filter>源文件</Filter>
    </ClCompile>
    <ClCompile Include="Fluid\Riemann\Riemann.cpp">
      <Filter>源文件</Filter>
    </ClCompile>
    <ClCompile Include="Math\math.cpp">
      <Filter>源文件</Filter>
    </ClCompile>
    <ClCompile Include="MoveMesh\MoveMesh.cpp">
      <Filter>源文件</Filter>
    </ClCompile>
    <ClCompile Include="FluxBase\FluxBase.cpp">
      <Filter>源文件</Filter>
    </ClCompile>
    <ClCompile Include="TestCase\SuperSonicFlow.cpp">
      <Filter>源文件</Filter>
    </ClCompile>
    <ClCompile Include="TestCase\ShallowWater.cpp">
      <Filter>源文件</Filter>
    </ClCompile>
    <ClCompile Include="WaterWave\Boundary\Boundary.cpp">
      <Filter>源文件</Filter>
    </ClCompile>
    <ClCompile Include="WaterWave\Riemann\Riemann.cpp">
      <Filter>源文件</Filter>
    </ClCompile>
    <ClCompile Include="WaterWave\Solver\SolverWaterWave.cpp">
      <Filter>源文件</Filter>
    </ClCompile>
    <ClCompile Include="WaterWave\WaterWaveVar\WaterWaveVar.cpp">
      <Filter>源文件</Filter>
    </ClCompile>
  </ItemGroup>
</Project>